lockfileVersion: '6.1'

settings:
  autoInstallPeers: true
  excludeLinksFromLockfile: false

dependencies:
  '@types/node':
    specifier: '*'
    version: 0.0.0

devDependencies:
  typescript:
    specifier: ^5.0.4
    version: 5.0.4

packages:

  /@types/node@0.0.0:
    resolution: {integrity: sha512-WTVTibPZsmWNm4thlkPnc0QPbT4+Vw+48e4otLxwdBVZduwrZ2pDvAH9dnpOe/fQnNl84PO4XOq3dHAyjaornA==}
    dev: false

  /typescript@5.0.4:
    resolution: {integrity: sha512-cW9T5W9xY37cc+jfEnaUvX91foxtHkza3Nw3wkoF4sSlKn0MONdkdEndig/qPBWXNkmplh3NzayQzCiHM4/hqw==}
    engines: {node: '>=12.20'}
    hasBin: true
    dev: true
